
Microsoft Visual Studio Solution File, Format Version 12.00
Project("{FAE04EC0-301F-11D3-BF4B-00C04F79EFBC}") = "OpenVRCaptions", "OpenVRCaptions\OpenVRCaptions.csproj", "{737648EB-7742-4660-97B6-A50DCAC9030B}"
EndProject
Project("{FAE04EC0-301F-11D3-BF4B-00C04F79EFBC}") = "WpfSharpDxControl", "WpfSharpDxControl\WpfSharpDxControl.csproj", "{1728D4D2-0F6F-4CB9-A834-1CBB5E545890}"
EndProject
Global
	GlobalSection(SolutionConfigurationPlatforms) = preSolution
		Debug|Any CPU = Debug|Any CPU
		Release|Any CPU = Release|Any CPU
	EndGlobalSection
	GlobalSection(ProjectConfigurationPlatforms) = postSolution
		{737648EB-7742-4660-97B6-A50DCAC9030B}.Debug|Any CPU.ActiveCfg = Debug|Any CPU
		{737648EB-7742-4660-97B6-A50DCAC9030B}.Debug|Any CPU.Build.0 = Debug|Any CPU
		{737648EB-7742-4660-97B6-A50DCAC9030B}.Release|Any CPU.ActiveCfg = Release|Any CPU
		{737648EB-7742-4660-97B6-A50DCAC9030B}.Release|Any CPU.Build.0 = Release|Any CPU
		{1728D4D2-0F6F-4CB9-A834-1CBB5E545890}.Debug|Any CPU.ActiveCfg = Debug|Any CPU
		{1728D4D2-0F6F-4CB9-A834-1CBB5E545890}.Debug|Any CPU.Build.0 = Debug|Any CPU
		{1728D4D2-0F6F-4CB9-A834-1CBB5E545890}.Release|Any CPU.ActiveCfg = Release|Any CPU
		{1728D4D2-0F6F-4CB9-A834-1CBB5E545890}.Release|Any CPU.Build.0 = Release|Any CPU
	EndGlobalSection
EndGlobal
